
Microsoft Visual Studio Solution File, Format Version 12.00
# Visual Studio Version 17
VisualStudioVersion = 17.0.31903.59
MinimumVisualStudioVersion = 10.0.40219.1
Project("{2150E333-8FDC-42A3-9474-1A3956D46DE8}") = "src", "src", "{5C520750-CA68-4597-9EC0-AB149704C2FE}"
EndProject
Project("{2150E333-8FDC-42A3-9474-1A3956D46DE8}") = "Application", "Application", "{CD5CAE79-3612-4FFF-88AD-EDFDAE35E003}"
EndProject
Project("{FAE04EC0-301F-11D3-BF4B-00C04F79EFBC}") = "YellowMark.AppServices", "src\Application\YellowMark.AppServices\YellowMark.AppServices.csproj", "{3038B4A9-A797-4E8F-BE55-7B955815CC58}"
EndProject
Project("{2150E333-8FDC-42A3-9474-1A3956D46DE8}") = "Contracts", "Contracts", "{29C592D3-C025-4E9D-8C08-CA7A0A3DF710}"
EndProject
Project("{FAE04EC0-301F-11D3-BF4B-00C04F79EFBC}") = "YellowMark.Contracts", "src\Contracts\YellowMark.Contracts\YellowMark.Contracts.csproj", "{BFF8F2EF-CD41-4088-A2A8-E0A574321FD8}"
EndProject
Project("{2150E333-8FDC-42A3-9474-1A3956D46DE8}") = "Domain", "Domain", "{87E9D006-2865-41CD-8F96-C10B0DD9BFEE}"
EndProject
Project("{FAE04EC0-301F-11D3-BF4B-00C04F79EFBC}") = "YellowMark.Domain", "src\Domain\YellowMark.Domain\YellowMark.Domain.csproj", "{F25AAED1-5986-43F0-A8D5-E8A65D67D436}"
EndProject
Project("{2150E333-8FDC-42A3-9474-1A3956D46DE8}") = "Hosts", "Hosts", "{205C40B2-F229-4F80-AEFA-353717431129}"
EndProject
Project("{FAE04EC0-301F-11D3-BF4B-00C04F79EFBC}") = "YellowMark.Api", "src\Hosts\YellowMark.Api\YellowMark.Api.csproj", "{660A9CD2-482C-4846-B641-7B724F4670B6}"
EndProject
Project("{FAE04EC0-301F-11D3-BF4B-00C04F79EFBC}") = "YellowMark.DbMigrator", "src\Hosts\YellowMark.DbMigrator\YellowMark.DbMigrator.csproj", "{C6089F77-BF2B-4625-820A-D4C1617EB05F}"
EndProject
Project("{2150E333-8FDC-42A3-9474-1A3956D46DE8}") = "Infrastructure", "Infrastructure", "{61256D9F-D5E6-463D-8274-E01FBE4E9D2C}"
EndProject
Project("{FAE04EC0-301F-11D3-BF4B-00C04F79EFBC}") = "YellowMark.ComponentRegistrar", "src\Infrastructure\YellowMark.ComponentRegistrar\YellowMark.ComponentRegistrar.csproj", "{5122D0D3-9A25-447D-A971-576EB587F83E}"
EndProject
Project("{FAE04EC0-301F-11D3-BF4B-00C04F79EFBC}") = "YellowMark.DataAccess", "src\Infrastructure\YellowMark.DataAccess\YellowMark.DataAccess.csproj", "{88BDBE04-E7A4-41D1-AC15-A5887739CB50}"
EndProject
Project("{FAE04EC0-301F-11D3-BF4B-00C04F79EFBC}") = "YellowMark.Infrastructure", "src\Infrastructure\YellowMark.Infrastructure\YellowMark.Infrastructure.csproj", "{025D3682-3A85-4B8B-93B9-9263FCAA39FC}"
EndProject
Project("{2150E333-8FDC-42A3-9474-1A3956D46DE8}") = "tests", "tests", "{A228BA07-832F-440C-88E7-C6A6AA807280}"
EndProject
Project("{FAE04EC0-301F-11D3-BF4B-00C04F79EFBC}") = "YellowMark.UnitTests", "tests\YellowMark.UnitTests\YellowMark.UnitTests.csproj", "{D4BD8492-CC9F-4383-9B03-224207178EC0}"
EndProject
Global
	GlobalSection(SolutionConfigurationPlatforms) = preSolution
		Debug|Any CPU = Debug|Any CPU
		Release|Any CPU = Release|Any CPU
	EndGlobalSection
	GlobalSection(SolutionProperties) = preSolution
		HideSolutionNode = FALSE
	EndGlobalSection
	GlobalSection(ProjectConfigurationPlatforms) = postSolution
		{3038B4A9-A797-4E8F-BE55-7B955815CC58}.Debug|Any CPU.ActiveCfg = Debug|Any CPU
		{3038B4A9-A797-4E8F-BE55-7B955815CC58}.Debug|Any CPU.Build.0 = Debug|Any CPU
		{3038B4A9-A797-4E8F-BE55-7B955815CC58}.Release|Any CPU.ActiveCfg = Release|Any CPU
		{3038B4A9-A797-4E8F-BE55-7B955815CC58}.Release|Any CPU.Build.0 = Release|Any CPU
		{BFF8F2EF-CD41-4088-A2A8-E0A574321FD8}.Debug|Any CPU.ActiveCfg = Debug|Any CPU
		{BFF8F2EF-CD41-4088-A2A8-E0A574321FD8}.Debug|Any CPU.Build.0 = Debug|Any CPU
		{BFF8F2EF-CD41-4088-A2A8-E0A574321FD8}.Release|Any CPU.ActiveCfg = Release|Any CPU
		{BFF8F2EF-CD41-4088-A2A8-E0A574321FD8}.Release|Any CPU.Build.0 = Release|Any CPU
		{F25AAED1-5986-43F0-A8D5-E8A65D67D436}.Debug|Any CPU.ActiveCfg = Debug|Any CPU
		{F25AAED1-5986-43F0-A8D5-E8A65D67D436}.Debug|Any CPU.Build.0 = Debug|Any CPU
		{F25AAED1-5986-43F0-A8D5-E8A65D67D436}.Release|Any CPU.ActiveCfg = Release|Any CPU
		{F25AAED1-5986-43F0-A8D5-E8A65D67D436}.Release|Any CPU.Build.0 = Release|Any CPU
		{660A9CD2-482C-4846-B641-7B724F4670B6}.Debug|Any CPU.ActiveCfg = Debug|Any CPU
		{660A9CD2-482C-4846-B641-7B724F4670B6}.Debug|Any CPU.Build.0 = Debug|Any CPU
		{660A9CD2-482C-4846-B641-7B724F4670B6}.Release|Any CPU.ActiveCfg = Release|Any CPU
		{660A9CD2-482C-4846-B641-7B724F4670B6}.Release|Any CPU.Build.0 = Release|Any CPU
		{C6089F77-BF2B-4625-820A-D4C1617EB05F}.Debug|Any CPU.ActiveCfg = Debug|Any CPU
		{C6089F77-BF2B-4625-820A-D4C1617EB05F}.Debug|Any CPU.Build.0 = Debug|Any CPU
		{C6089F77-BF2B-4625-820A-D4C1617EB05F}.Release|Any CPU.ActiveCfg = Release|Any CPU
		{C6089F77-BF2B-4625-820A-D4C1617EB05F}.Release|Any CPU.Build.0 = Release|Any CPU
		{5122D0D3-9A25-447D-A971-576EB587F83E}.Debug|Any CPU.ActiveCfg = Debug|Any CPU
		{5122D0D3-9A25-447D-A971-576EB587F83E}.Debug|Any CPU.Build.0 = Debug|Any CPU
		{5122D0D3-9A25-447D-A971-576EB587F83E}.Release|Any CPU.ActiveCfg = Release|Any CPU
		{5122D0D3-9A25-447D-A971-576EB587F83E}.Release|Any CPU.Build.0 = Release|Any CPU
		{88BDBE04-E7A4-41D1-AC15-A5887739CB50}.Debug|Any CPU.ActiveCfg = Debug|Any CPU
		{88BDBE04-E7A4-41D1-AC15-A5887739CB50}.Debug|Any CPU.Build.0 = Debug|Any CPU
		{88BDBE04-E7A4-41D1-AC15-A5887739CB50}.Release|Any CPU.ActiveCfg = Release|Any CPU
		{88BDBE04-E7A4-41D1-AC15-A5887739CB50}.Release|Any CPU.Build.0 = Release|Any CPU
		{025D3682-3A85-4B8B-93B9-9263FCAA39FC}.Debug|Any CPU.ActiveCfg = Debug|Any CPU
		{025D3682-3A85-4B8B-93B9-9263FCAA39FC}.Debug|Any CPU.Build.0 = Debug|Any CPU
		{025D3682-3A85-4B8B-93B9-9263FCAA39FC}.Release|Any CPU.ActiveCfg = Release|Any CPU
		{025D3682-3A85-4B8B-93B9-9263FCAA39FC}.Release|Any CPU.Build.0 = Release|Any CPU
		{D4BD8492-CC9F-4383-9B03-224207178EC0}.Debug|Any CPU.ActiveCfg = Debug|Any CPU
		{D4BD8492-CC9F-4383-9B03-224207178EC0}.Debug|Any CPU.Build.0 = Debug|Any CPU
		{D4BD8492-CC9F-4383-9B03-224207178EC0}.Release|Any CPU.ActiveCfg = Release|Any CPU
		{D4BD8492-CC9F-4383-9B03-224207178EC0}.Release|Any CPU.Build.0 = Release|Any CPU
	EndGlobalSection
	GlobalSection(NestedProjects) = preSolution
		{CD5CAE79-3612-4FFF-88AD-EDFDAE35E003} = {5C520750-CA68-4597-9EC0-AB149704C2FE}
		{3038B4A9-A797-4E8F-BE55-7B955815CC58} = {CD5CAE79-3612-4FFF-88AD-EDFDAE35E003}
		{29C592D3-C025-4E9D-8C08-CA7A0A3DF710} = {5C520750-CA68-4597-9EC0-AB149704C2FE}
		{BFF8F2EF-CD41-4088-A2A8-E0A574321FD8} = {29C592D3-C025-4E9D-8C08-CA7A0A3DF710}
		{87E9D006-2865-41CD-8F96-C10B0DD9BFEE} = {5C520750-CA68-4597-9EC0-AB149704C2FE}
		{F25AAED1-5986-43F0-A8D5-E8A65D67D436} = {87E9D006-2865-41CD-8F96-C10B0DD9BFEE}
		{205C40B2-F229-4F80-AEFA-353717431129} = {5C520750-CA68-4597-9EC0-AB149704C2FE}
		{660A9CD2-482C-4846-B641-7B724F4670B6} = {205C40B2-F229-4F80-AEFA-353717431129}
		{C6089F77-BF2B-4625-820A-D4C1617EB05F} = {205C40B2-F229-4F80-AEFA-353717431129}
		{61256D9F-D5E6-463D-8274-E01FBE4E9D2C} = {5C520750-CA68-4597-9EC0-AB149704C2FE}
		{5122D0D3-9A25-447D-A971-576EB587F83E} = {61256D9F-D5E6-463D-8274-E01FBE4E9D2C}
		{88BDBE04-E7A4-41D1-AC15-A5887739CB50} = {61256D9F-D5E6-463D-8274-E01FBE4E9D2C}
		{025D3682-3A85-4B8B-93B9-9263FCAA39FC} = {61256D9F-D5E6-463D-8274-E01FBE4E9D2C}
		{D4BD8492-CC9F-4383-9B03-224207178EC0} = {A228BA07-832F-440C-88E7-C6A6AA807280}
	EndGlobalSection
EndGlobal
