
Microsoft Visual Studio Solution File, Format Version 12.00
# Visual Studio Version 17
VisualStudioVersion = 17.0.31903.59
MinimumVisualStudioVersion = 10.0.40219.1
Project("{2150E333-8FDC-42A3-9474-1A3956D46DE8}") = "Application", "Application", "{DE2688D6-0637-4C5A-89D1-AEE7893F1048}"
EndProject
Project("{FAE04EC0-301F-11D3-BF4B-00C04F79EFBC}") = "YellowMark.AppServices", "Application\YellowMark.AppServices\YellowMark.AppServices.csproj", "{EA173A8A-09DD-4B0A-804D-5634D810C7AB}"
EndProject
Project("{2150E333-8FDC-42A3-9474-1A3956D46DE8}") = "Contracts", "Contracts", "{0FF74113-593B-4086-9960-DCFCFEA1D2F8}"
EndProject
Project("{FAE04EC0-301F-11D3-BF4B-00C04F79EFBC}") = "YellowMark.Contracts", "Contracts\YellowMark.Contracts\YellowMark.Contracts.csproj", "{45E6FCE3-C372-41E3-86DB-2A0532C11A31}"
EndProject
Project("{2150E333-8FDC-42A3-9474-1A3956D46DE8}") = "Domain", "Domain", "{B17767EE-0A85-4DB7-BF3C-759973DED04E}"
EndProject
Project("{FAE04EC0-301F-11D3-BF4B-00C04F79EFBC}") = "YellowMark.Domain", "Domain\YellowMark.Domain\YellowMark.Domain.csproj", "{A04BD639-BB1C-46D5-9012-DAE461C6EC50}"
EndProject
Project("{2150E333-8FDC-42A3-9474-1A3956D46DE8}") = "Hosts", "Hosts", "{B411D5BE-729E-4FB3-A43F-E411F0AB5FC0}"
EndProject
Project("{FAE04EC0-301F-11D3-BF4B-00C04F79EFBC}") = "YellowMark.Api", "Hosts\YellowMark.Api\YellowMark.Api.csproj", "{3BCB915F-49F1-43E5-97DF-FE2A950F5DD8}"
EndProject
Project("{2150E333-8FDC-42A3-9474-1A3956D46DE8}") = "Infrastructure", "Infrastructure", "{1268C8B1-54DD-4EAA-AB13-8D6ED79802D1}"
EndProject
Project("{FAE04EC0-301F-11D3-BF4B-00C04F79EFBC}") = "YellowMark.Infrastructure", "Infrastructure\YellowMark.Infrastructure\YellowMark.Infrastructure.csproj", "{C54B104D-F234-469B-9B9E-46A99587CC57}"
EndProject
Project("{FAE04EC0-301F-11D3-BF4B-00C04F79EFBC}") = "YellowMark.ComponentRegistar", "Infrastructure\YellowMark.ComponentRegistar\YellowMark.ComponentRegistar.csproj", "{543A04DC-0299-494C-A4CE-13C0B94B7CF8}"
EndProject
Project("{FAE04EC0-301F-11D3-BF4B-00C04F79EFBC}") = "YellowMark.DataAccess", "Infrastructure\YellowMark.DataAccess\YellowMark.DataAccess.csproj", "{2B7BE027-5895-4427-93F0-79B465860A2C}"
EndProject
Global
	GlobalSection(SolutionConfigurationPlatforms) = preSolution
		Debug|Any CPU = Debug|Any CPU
		Release|Any CPU = Release|Any CPU
	EndGlobalSection
	GlobalSection(SolutionProperties) = preSolution
		HideSolutionNode = FALSE
	EndGlobalSection
	GlobalSection(ProjectConfigurationPlatforms) = postSolution
		{EA173A8A-09DD-4B0A-804D-5634D810C7AB}.Debug|Any CPU.ActiveCfg = Debug|Any CPU
		{EA173A8A-09DD-4B0A-804D-5634D810C7AB}.Debug|Any CPU.Build.0 = Debug|Any CPU
		{EA173A8A-09DD-4B0A-804D-5634D810C7AB}.Release|Any CPU.ActiveCfg = Release|Any CPU
		{EA173A8A-09DD-4B0A-804D-5634D810C7AB}.Release|Any CPU.Build.0 = Release|Any CPU
		{45E6FCE3-C372-41E3-86DB-2A0532C11A31}.Debug|Any CPU.ActiveCfg = Debug|Any CPU
		{45E6FCE3-C372-41E3-86DB-2A0532C11A31}.Debug|Any CPU.Build.0 = Debug|Any CPU
		{45E6FCE3-C372-41E3-86DB-2A0532C11A31}.Release|Any CPU.ActiveCfg = Release|Any CPU
		{45E6FCE3-C372-41E3-86DB-2A0532C11A31}.Release|Any CPU.Build.0 = Release|Any CPU
		{A04BD639-BB1C-46D5-9012-DAE461C6EC50}.Debug|Any CPU.ActiveCfg = Debug|Any CPU
		{A04BD639-BB1C-46D5-9012-DAE461C6EC50}.Debug|Any CPU.Build.0 = Debug|Any CPU
		{A04BD639-BB1C-46D5-9012-DAE461C6EC50}.Release|Any CPU.ActiveCfg = Release|Any CPU
		{A04BD639-BB1C-46D5-9012-DAE461C6EC50}.Release|Any CPU.Build.0 = Release|Any CPU
		{3BCB915F-49F1-43E5-97DF-FE2A950F5DD8}.Debug|Any CPU.ActiveCfg = Debug|Any CPU
		{3BCB915F-49F1-43E5-97DF-FE2A950F5DD8}.Debug|Any CPU.Build.0 = Debug|Any CPU
		{3BCB915F-49F1-43E5-97DF-FE2A950F5DD8}.Release|Any CPU.ActiveCfg = Release|Any CPU
		{3BCB915F-49F1-43E5-97DF-FE2A950F5DD8}.Release|Any CPU.Build.0 = Release|Any CPU
		{C54B104D-F234-469B-9B9E-46A99587CC57}.Debug|Any CPU.ActiveCfg = Debug|Any CPU
		{C54B104D-F234-469B-9B9E-46A99587CC57}.Debug|Any CPU.Build.0 = Debug|Any CPU
		{C54B104D-F234-469B-9B9E-46A99587CC57}.Release|Any CPU.ActiveCfg = Release|Any CPU
		{C54B104D-F234-469B-9B9E-46A99587CC57}.Release|Any CPU.Build.0 = Release|Any CPU
		{543A04DC-0299-494C-A4CE-13C0B94B7CF8}.Debug|Any CPU.ActiveCfg = Debug|Any CPU
		{543A04DC-0299-494C-A4CE-13C0B94B7CF8}.Debug|Any CPU.Build.0 = Debug|Any CPU
		{543A04DC-0299-494C-A4CE-13C0B94B7CF8}.Release|Any CPU.ActiveCfg = Release|Any CPU
		{543A04DC-0299-494C-A4CE-13C0B94B7CF8}.Release|Any CPU.Build.0 = Release|Any CPU
		{2B7BE027-5895-4427-93F0-79B465860A2C}.Debug|Any CPU.ActiveCfg = Debug|Any CPU
		{2B7BE027-5895-4427-93F0-79B465860A2C}.Debug|Any CPU.Build.0 = Debug|Any CPU
		{2B7BE027-5895-4427-93F0-79B465860A2C}.Release|Any CPU.ActiveCfg = Release|Any CPU
		{2B7BE027-5895-4427-93F0-79B465860A2C}.Release|Any CPU.Build.0 = Release|Any CPU
	EndGlobalSection
	GlobalSection(NestedProjects) = preSolution
		{EA173A8A-09DD-4B0A-804D-5634D810C7AB} = {DE2688D6-0637-4C5A-89D1-AEE7893F1048}
		{45E6FCE3-C372-41E3-86DB-2A0532C11A31} = {0FF74113-593B-4086-9960-DCFCFEA1D2F8}
		{A04BD639-BB1C-46D5-9012-DAE461C6EC50} = {B17767EE-0A85-4DB7-BF3C-759973DED04E}
		{3BCB915F-49F1-43E5-97DF-FE2A950F5DD8} = {B411D5BE-729E-4FB3-A43F-E411F0AB5FC0}
		{C54B104D-F234-469B-9B9E-46A99587CC57} = {1268C8B1-54DD-4EAA-AB13-8D6ED79802D1}
		{543A04DC-0299-494C-A4CE-13C0B94B7CF8} = {1268C8B1-54DD-4EAA-AB13-8D6ED79802D1}
		{2B7BE027-5895-4427-93F0-79B465860A2C} = {1268C8B1-54DD-4EAA-AB13-8D6ED79802D1}
	EndGlobalSection
EndGlobal
